
Microsoft Visual Studio Solution File, Format Version 12.00
# Visual Studio Version 17
VisualStudioVersion = 17.5.33530.505
MinimumVisualStudioVersion = 10.0.40219.1
Project("{FAE04EC0-301F-11D3-BF4B-00C04F79EFBC}") = "CBITechMeetUpCloudSite", "CBITechMeetUpCloudSite\CBITechMeetUpCloudSite.csproj", "{1E31CE91-129F-497C-BDE4-FABFC6C84266}"
EndProject
Global
	GlobalSection(SolutionConfigurationPlatforms) = preSolution
		Debug|Any CPU = Debug|Any CPU
		Release|Any CPU = Release|Any CPU
	EndGlobalSection
	GlobalSection(ProjectConfigurationPlatforms) = postSolution
		{1E31CE91-129F-497C-BDE4-FABFC6C84266}.Debug|Any CPU.ActiveCfg = Debug|Any CPU
		{1E31CE91-129F-497C-BDE4-FABFC6C84266}.Debug|Any CPU.Build.0 = Debug|Any CPU
		{1E31CE91-129F-497C-BDE4-FABFC6C84266}.Release|Any CPU.ActiveCfg = Release|Any CPU
		{1E31CE91-129F-497C-BDE4-FABFC6C84266}.Release|Any CPU.Build.0 = Release|Any CPU
	EndGlobalSection
	GlobalSection(SolutionProperties) = preSolution
		HideSolutionNode = FALSE
	EndGlobalSection
	GlobalSection(ExtensibilityGlobals) = postSolution
		SolutionGuid = {326B1834-3E05-4834-BFA1-1E0ADA646772}
	EndGlobalSection
EndGlobal
